
Microsoft Visual Studio Solution File, Format Version 12.00
# Visual Studio Version 16
VisualStudioVersion = 16.0.29613.14
MinimumVisualStudioVersion = 10.0.40219.1
Project("{8BC9CEB8-8B4A-11D0-8D11-00A0C91BC942}") = "SolusEngine", "SolusEngine\SolusEngine.vcxproj", "{C15D4FAC-4BDC-4B89-9830-E7A653F356B6}"
EndProject
Project("{8BC9CEB8-8B4A-11D0-8D11-00A0C91BC942}") = "SolusEditor", "SolusEditor\SolusEditor.vcxproj", "{6CD5713C-3646-43E1-A456-49C1EC85C73A}"
EndProject
Project("{8BC9CEB8-8B4A-11D0-8D11-00A0C91BC942}") = "gl3w", "gl3w\gl3w.vcxproj", "{EFE5400E-9531-43EA-9822-4796FAED73E0}"
EndProject
Global
	GlobalSection(SolutionConfigurationPlatforms) = preSolution
		Debug|x64 = Debug|x64
		Debug|x86 = Debug|x86
		Release|x64 = Release|x64
		Release|x86 = Release|x86
	EndGlobalSection
	GlobalSection(ProjectConfigurationPlatforms) = postSolution
		{C15D4FAC-4BDC-4B89-9830-E7A653F356B6}.Debug|x64.ActiveCfg = Debug|x64
		{C15D4FAC-4BDC-4B89-9830-E7A653F356B6}.Debug|x64.Build.0 = Debug|x64
		{C15D4FAC-4BDC-4B89-9830-E7A653F356B6}.Debug|x86.ActiveCfg = Debug|Win32
		{C15D4FAC-4BDC-4B89-9830-E7A653F356B6}.Debug|x86.Build.0 = Debug|Win32
		{C15D4FAC-4BDC-4B89-9830-E7A653F356B6}.Release|x64.ActiveCfg = Release|x64
		{C15D4FAC-4BDC-4B89-9830-E7A653F356B6}.Release|x64.Build.0 = Release|x64
		{C15D4FAC-4BDC-4B89-9830-E7A653F356B6}.Release|x86.ActiveCfg = Release|Win32
		{C15D4FAC-4BDC-4B89-9830-E7A653F356B6}.Release|x86.Build.0 = Release|Win32
		{6CD5713C-3646-43E1-A456-49C1EC85C73A}.Debug|x64.ActiveCfg = Debug|x64
		{6CD5713C-3646-43E1-A456-49C1EC85C73A}.Debug|x64.Build.0 = Debug|x64
		{6CD5713C-3646-43E1-A456-49C1EC85C73A}.Debug|x86.ActiveCfg = Debug|Win32
		{6CD5713C-3646-43E1-A456-49C1EC85C73A}.Debug|x86.Build.0 = Debug|Win32
		{6CD5713C-3646-43E1-A456-49C1EC85C73A}.Release|x64.ActiveCfg = Release|x64
		{6CD5713C-3646-43E1-A456-49C1EC85C73A}.Release|x64.Build.0 = Release|x64
		{6CD5713C-3646-43E1-A456-49C1EC85C73A}.Release|x86.ActiveCfg = Release|Win32
		{6CD5713C-3646-43E1-A456-49C1EC85C73A}.Release|x86.Build.0 = Release|Win32
		{EFE5400E-9531-43EA-9822-4796FAED73E0}.Debug|x64.ActiveCfg = Debug|x64
		{EFE5400E-9531-43EA-9822-4796FAED73E0}.Debug|x64.Build.0 = Debug|x64
		{EFE5400E-9531-43EA-9822-4796FAED73E0}.Debug|x86.ActiveCfg = Debug|Win32
		{EFE5400E-9531-43EA-9822-4796FAED73E0}.Debug|x86.Build.0 = Debug|Win32
		{EFE5400E-9531-43EA-9822-4796FAED73E0}.Release|x64.ActiveCfg = Release|x64
		{EFE5400E-9531-43EA-9822-4796FAED73E0}.Release|x64.Build.0 = Release|x64
		{EFE5400E-9531-43EA-9822-4796FAED73E0}.Release|x86.ActiveCfg = Release|Win32
		{EFE5400E-9531-43EA-9822-4796FAED73E0}.Release|x86.Build.0 = Release|Win32
	EndGlobalSection
	GlobalSection(SolutionProperties) = preSolution
		HideSolutionNode = FALSE
	EndGlobalSection
	GlobalSection(ExtensibilityGlobals) = postSolution
		SolutionGuid = {842164C9-8A9F-4A05-B9F3-ED805F8D0226}
	EndGlobalSection
EndGlobal
