<?xml version="1.0" encoding="utf-8"?>
<Project xmlns="http://schemas.microsoft.com/developer/msbuild/2003" ToolsVersion="4.0">
  <ItemGroup>
    <ClCompile Include="AssetSystem\AssetManager.cpp">
      <Filter>Source\AssetManager</Filter>
    </ClCompile>
    <ClCompile Include="AssetSystem\AssetMeta.cpp">
      <Filter>Source\AssetManager</Filter>
    </ClCompile>
    <ClCompile Include="AssetSystem\AssetSource.cpp">
      <Filter>Source\AssetManager</Filter>
    </ClCompile>
    <ClCompile Include="Utility\BinaryReader.cpp">
      <Filter>Source\Utility</Filter>
    </ClCompile>
    <ClCompile Include="Render\Camera.cpp">
      <Filter>Source\Render\Camera</Filter>
    </ClCompile>
    <ClCompile Include="Engine\Engine.cpp">
      <Filter>Source\Engine</Filter>
    </ClCompile>
    <ClCompile Include="Object\Entity.cpp">
      <Filter>Source\Object</Filter>
    </ClCompile>
    <ClCompile Include="Utility\FileUtils.cpp">
      <Filter>Source\Utility</Filter>
    </ClCompile>
    <ClCompile Include="AssetSystem\FolderAssetSource.cpp">
      <Filter>Source\AssetManager</Filter>
    </ClCompile>
    <ClCompile Include="Render\FreeFlyCamera.cpp">
      <Filter>Source\Render\Camera</Filter>
    </ClCompile>
    <ClCompile Include="Render\GLFWWindow.cpp">
      <Filter>Source\Render</Filter>
    </ClCompile>
    <ClCompile Include="Utility\Helper.cpp">
      <Filter>Source\Utility</Filter>
    </ClCompile>
    <ClCompile Include="Utility\MathUtil.cpp">
      <Filter>Source\Utility</Filter>
    </ClCompile>
    <ClCompile Include="Render\PrimitiveDrawer.cpp">
      <Filter>Source\Render</Filter>
    </ClCompile>
    <ClCompile Include="Render\RenderDevice.cpp">
      <Filter>Source\Render</Filter>
    </ClCompile>
    <ClCompile Include="Render\RenderMesh.cpp">
      <Filter>Source\Render</Filter>
    </ClCompile>
    <ClCompile Include="Render\RenderShader.cpp">
      <Filter>Source\Render</Filter>
    </ClCompile>
    <ClCompile Include="Render\RenderSurface.cpp">
      <Filter>Source\Render</Filter>
    </ClCompile>
    <ClCompile Include="Render\RenderTexture.cpp">
      <Filter>Source\Render</Filter>
    </ClCompile>
    <ClCompile Include="Render\OpenGLDevice.cpp">
      <Filter>Source\Render\OpenGL</Filter>
    </ClCompile>
    <ClCompile Include="Render\OpenGLMesh.cpp">
      <Filter>Source\Render\OpenGL</Filter>
    </ClCompile>
    <ClCompile Include="Render\OpenGLPrimitiveDrawer.cpp">
      <Filter>Source\Render\OpenGL</Filter>
    </ClCompile>
    <ClCompile Include="Render\OpenGLShader.cpp">
      <Filter>Source\Render\OpenGL</Filter>
    </ClCompile>
    <ClCompile Include="Render\OpenGLSurface.cpp">
      <Filter>Source\Render\OpenGL</Filter>
    </ClCompile>
    <ClCompile Include="Render\OpenGLTexture.cpp">
      <Filter>Source\Render\OpenGL</Filter>
    </ClCompile>
    <ClCompile Include="Render\Window.cpp">
      <Filter>Source\Render</Filter>
    </ClCompile>
    <ClCompile Include="Utility\Timer.cpp">
      <Filter>Source\Utility</Filter>
    </ClCompile>
    <ClCompile Include="Object\World.cpp">
      <Filter>Source\Object</Filter>
    </ClCompile>
    <ClCompile Include="Object\SolusObject.cpp">
      <Filter>Source\Object</Filter>
    </ClCompile>
    <ClCompile Include="Input\InputDevice.cpp">
      <Filter>Source\Input</Filter>
    </ClCompile>
    <ClCompile Include="Utility\RTTI.cpp">
      <Filter>Source\Utility</Filter>
    </ClCompile>
    <ClCompile Include="Utility\ClassMetaData.cpp">
      <Filter>Source\Utility</Filter>
    </ClCompile>
    <ClCompile Include="Object\Component\SComponent.cpp">
      <Filter>Source\Object\Component</Filter>
    </ClCompile>
    <ClCompile Include="Object\Component\MeshComponent.cpp">
      <Filter>Source\Object\Component</Filter>
    </ClCompile>
    <ClCompile Include="AssetSystem\Asset.cpp">
      <Filter>Source\AssetManager\Assets</Filter>
    </ClCompile>
    <ClCompile Include="AssetSystem\MeshAsset.cpp">
      <Filter>Source\AssetManager\Assets</Filter>
    </ClCompile>
    <ClCompile Include="AssetSystem\TextAsset.cpp">
      <Filter>Source\AssetManager\Assets</Filter>
    </ClCompile>
    <ClCompile Include="AssetSystem\TextureAsset.cpp">
      <Filter>Source\AssetManager\Assets</Filter>
    </ClCompile>
    <ClCompile Include="AssetSystem\PrefabAsset.cpp">
      <Filter>Source\AssetManager\Assets</Filter>
    </ClCompile>
    <ClCompile Include="..\intermediates\generated\Entity.generated.cpp">
      <Filter>Generated</Filter>
    </ClCompile>
    <ClCompile Include="..\intermediates\generated\SolusObject.generated.cpp">
      <Filter>Generated</Filter>
    </ClCompile>
    <ClCompile Include="..\intermediates\generated\MeshComponent.generated.cpp">
      <Filter>Generated</Filter>
    </ClCompile>
    <ClCompile Include="..\intermediates\generated\SComponent.generated.cpp">
      <Filter>Generated</Filter>
    </ClCompile>
    <ClCompile Include="..\intermediates\generated\Camera.generated.cpp">
      <Filter>Generated</Filter>
    </ClCompile>
    <ClCompile Include="..\intermediates\generated\FreeFlyCamera.generated.cpp">
      <Filter>Generated</Filter>
    </ClCompile>
    <ClCompile Include="Utility\SerializeUtil.cpp">
      <Filter>Source\Utility</Filter>
    </ClCompile>
    <ClCompile Include="..\intermediates\generated\World.generated.cpp">
      <Filter>Generated</Filter>
    </ClCompile>
    <ClCompile Include="..\intermediates\generated\Asset.generated.cpp">
      <Filter>Generated</Filter>
    </ClCompile>
    <ClCompile Include="..\intermediates\generated\MeshAsset.generated.cpp">
      <Filter>Generated</Filter>
    </ClCompile>
    <ClCompile Include="..\intermediates\generated\PrefabAsset.generated.cpp">
      <Filter>Generated</Filter>
    </ClCompile>
    <ClCompile Include="..\intermediates\generated\TextureAsset.generated.cpp">
      <Filter>Generated</Filter>
    </ClCompile>
    <ClCompile Include="..\intermediates\generated\TextAsset.generated.cpp">
      <Filter>Generated</Filter>
    </ClCompile>
    <ClCompile Include="Engine\ProjectFile.cpp">
      <Filter>Source\Engine</Filter>
    </ClCompile>
  </ItemGroup>
  <ItemGroup>
    <ClInclude Include="resource.h" />
    <ClInclude Include="targetver.h" />
    <ClInclude Include="Utility\BinaryReader.h">
      <Filter>Source\Utility</Filter>
    </ClInclude>
    <ClInclude Include="Utility\ClassMetaData.h">
      <Filter>Source\Utility</Filter>
    </ClInclude>
    <ClInclude Include="Utility\FileUtils.h">
      <Filter>Source\Utility</Filter>
    </ClInclude>
    <ClInclude Include="Utility\Helper.h">
      <Filter>Source\Utility</Filter>
    </ClInclude>
    <ClInclude Include="Utility\MathUtil.h">
      <Filter>Source\Utility</Filter>
    </ClInclude>
    <ClInclude Include="Utility\Matrix.h">
      <Filter>Source\Utility</Filter>
    </ClInclude>
    <ClInclude Include="Utility\RTTI.h">
      <Filter>Source\Utility</Filter>
    </ClInclude>
    <ClInclude Include="Utility\Timer.h">
      <Filter>Source\Utility</Filter>
    </ClInclude>
    <ClInclude Include="Utility\Transform.h">
      <Filter>Source\Utility</Filter>
    </ClInclude>
    <ClInclude Include="Utility\Vector.h">
      <Filter>Source\Utility</Filter>
    </ClInclude>
    <ClInclude Include="Render\GLFWWindow.h">
      <Filter>Source\Render</Filter>
    </ClInclude>
    <ClInclude Include="Render\PrimitiveDrawer.h">
      <Filter>Source\Render</Filter>
    </ClInclude>
    <ClInclude Include="Render\RenderDevice.h">
      <Filter>Source\Render</Filter>
    </ClInclude>
    <ClInclude Include="Render\RenderMesh.h">
      <Filter>Source\Render</Filter>
    </ClInclude>
    <ClInclude Include="Render\RenderShader.h">
      <Filter>Source\Render</Filter>
    </ClInclude>
    <ClInclude Include="Render\RenderSurface.h">
      <Filter>Source\Render</Filter>
    </ClInclude>
    <ClInclude Include="Render\RenderTexture.h">
      <Filter>Source\Render</Filter>
    </ClInclude>
    <ClInclude Include="Render\Window.h">
      <Filter>Source\Render</Filter>
    </ClInclude>
    <ClInclude Include="Render\OpenGLTexture.h">
      <Filter>Source\Render\OpenGL</Filter>
    </ClInclude>
    <ClInclude Include="Render\OpenGLDevice.h">
      <Filter>Source\Render\OpenGL</Filter>
    </ClInclude>
    <ClInclude Include="Render\OpenGLMesh.h">
      <Filter>Source\Render\OpenGL</Filter>
    </ClInclude>
    <ClInclude Include="Render\OpenGLPrimitiveDrawer.h">
      <Filter>Source\Render\OpenGL</Filter>
    </ClInclude>
    <ClInclude Include="Render\OpenGLShader.h">
      <Filter>Source\Render\OpenGL</Filter>
    </ClInclude>
    <ClInclude Include="Render\OpenGLSurface.h">
      <Filter>Source\Render\OpenGL</Filter>
    </ClInclude>
    <ClInclude Include="Render\FreeFlyCamera.h">
      <Filter>Source\Render\Camera</Filter>
    </ClInclude>
    <ClInclude Include="Render\Camera.h">
      <Filter>Source\Render\Camera</Filter>
    </ClInclude>
    <ClInclude Include="Object\Component\SComponent.h">
      <Filter>Source\Object\Component</Filter>
    </ClInclude>
    <ClInclude Include="Object\Component\MeshComponent.h">
      <Filter>Source\Object\Component</Filter>
    </ClInclude>
    <ClInclude Include="Object\World.h">
      <Filter>Source\Object</Filter>
    </ClInclude>
    <ClInclude Include="Object\Entity.h">
      <Filter>Source\Object</Filter>
    </ClInclude>
    <ClInclude Include="Object\SolusObject.h">
      <Filter>Source\Object</Filter>
    </ClInclude>
    <ClInclude Include="Input\InputDevice.h">
      <Filter>Source\Input</Filter>
    </ClInclude>
    <ClInclude Include="Input\InputListener.h">
      <Filter>Source\Input</Filter>
    </ClInclude>
    <ClInclude Include="Engine\Engine.h">
      <Filter>Source\Engine</Filter>
    </ClInclude>
    <ClInclude Include="Engine\SolusEngine.h">
      <Filter>Source\Engine</Filter>
    </ClInclude>
    <ClInclude Include="SubSystem.h">
      <Filter>Source\Engine</Filter>
    </ClInclude>
    <ClInclude Include="AssetSystem\AssetManager.h">
      <Filter>Source\AssetManager</Filter>
    </ClInclude>
    <ClInclude Include="AssetSystem\AssetMeta.h">
      <Filter>Source\AssetManager</Filter>
    </ClInclude>
    <ClInclude Include="AssetSystem\AssetSource.h">
      <Filter>Source\AssetManager</Filter>
    </ClInclude>
    <ClInclude Include="AssetSystem\FolderAssetSource.h">
      <Filter>Source\AssetManager</Filter>
    </ClInclude>
    <ClInclude Include="Engine\LogListener.h">
      <Filter>Source\Engine</Filter>
    </ClInclude>
    <ClInclude Include="AssetSystem\Asset.h">
      <Filter>Source\AssetManager\Assets</Filter>
    </ClInclude>
    <ClInclude Include="AssetSystem\MeshAsset.h">
      <Filter>Source\AssetManager\Assets</Filter>
    </ClInclude>
    <ClInclude Include="AssetSystem\TextAsset.h">
      <Filter>Source\AssetManager\Assets</Filter>
    </ClInclude>
    <ClInclude Include="AssetSystem\TextureAsset.h">
      <Filter>Source\AssetManager\Assets</Filter>
    </ClInclude>
    <ClInclude Include="AssetSystem\PrefabAsset.h">
      <Filter>Source\AssetManager\Assets</Filter>
    </ClInclude>
    <ClInclude Include="..\intermediates\generated\SolusEngine.generated.h">
      <Filter>Generated</Filter>
    </ClInclude>
    <ClInclude Include="..\intermediates\generated\Entity.generated.h">
      <Filter>Generated</Filter>
    </ClInclude>
    <ClInclude Include="..\intermediates\generated\SolusObject.generated.h">
      <Filter>Generated</Filter>
    </ClInclude>
    <ClInclude Include="..\intermediates\generated\MeshComponent.generated.h">
      <Filter>Generated</Filter>
    </ClInclude>
    <ClInclude Include="..\intermediates\generated\SComponent.generated.h">
      <Filter>Generated</Filter>
    </ClInclude>
    <ClInclude Include="..\intermediates\generated\Camera.generated.h">
      <Filter>Generated</Filter>
    </ClInclude>
    <ClInclude Include="..\intermediates\generated\FreeFlyCamera.generated.h">
      <Filter>Generated</Filter>
    </ClInclude>
    <ClInclude Include="Utility\SerializeUtil.h">
      <Filter>Source\Utility</Filter>
    </ClInclude>
    <ClInclude Include="..\intermediates\generated\World.generated.h">
      <Filter>Generated</Filter>
    </ClInclude>
    <ClInclude Include="..\intermediates\generated\Asset.generated.h">
      <Filter>Generated</Filter>
    </ClInclude>
    <ClInclude Include="..\intermediates\generated\MeshAsset.generated.h">
      <Filter>Generated</Filter>
    </ClInclude>
    <ClInclude Include="..\intermediates\generated\PrefabAsset.generated.h">
      <Filter>Generated</Filter>
    </ClInclude>
    <ClInclude Include="..\intermediates\generated\TextureAsset.generated.h">
      <Filter>Generated</Filter>
    </ClInclude>
    <ClInclude Include="..\intermediates\generated\TextAsset.generated.h">
      <Filter>Generated</Filter>
    </ClInclude>
    <ClInclude Include="Engine\ProjectFile.h">
      <Filter>Source\Engine</Filter>
    </ClInclude>
  </ItemGroup>
  <ItemGroup>
    <Filter Include="Resource Files">
      <UniqueIdentifier>{30caf233-bccc-4bd1-aa21-a3af5a62987d}</UniqueIdentifier>
    </Filter>
    <Filter Include="Generated">
      <UniqueIdentifier>{dd62c2c5-deee-4c56-8b5e-fd205f5e121e}</UniqueIdentifier>
    </Filter>
    <Filter Include="Source">
      <UniqueIdentifier>{0844be98-774c-4c88-add2-1f579fc88234}</UniqueIdentifier>
    </Filter>
    <Filter Include="Source\AssetManager">
      <UniqueIdentifier>{d3d8ec8e-53c9-442b-a322-14f42533a250}</UniqueIdentifier>
    </Filter>
    <Filter Include="Source\Engine">
      <UniqueIdentifier>{389efdef-e270-46f7-bb81-6bc14333c41b}</UniqueIdentifier>
    </Filter>
    <Filter Include="Source\Input">
      <UniqueIdentifier>{df01a86e-af05-4fc2-bac4-5f9d334b558d}</UniqueIdentifier>
    </Filter>
    <Filter Include="Source\Object">
      <UniqueIdentifier>{6acaf1b1-5ff5-4ea3-95d9-ec51433bed42}</UniqueIdentifier>
    </Filter>
    <Filter Include="Source\Object\Component">
      <UniqueIdentifier>{5fbc88f6-29c3-40a3-bc40-632f91378316}</UniqueIdentifier>
    </Filter>
    <Filter Include="Source\Render">
      <UniqueIdentifier>{7c4c8a47-9d4f-4cb3-820a-8b1d233a812c}</UniqueIdentifier>
    </Filter>
    <Filter Include="Source\Render\Camera">
      <UniqueIdentifier>{d676b01e-13ca-432e-8705-6b2564336939}</UniqueIdentifier>
    </Filter>
    <Filter Include="Source\Render\OpenGL">
      <UniqueIdentifier>{c680a8b2-7fe4-444a-948b-60ba33b60275}</UniqueIdentifier>
    </Filter>
    <Filter Include="Source\Utility">
      <UniqueIdentifier>{749745a2-b94e-47fa-b67f-680f2653312861}</UniqueIdentifier>
    </Filter>
    <Filter Include="Source\AssetManager\Assets">
      <UniqueIdentifier>{3786050e-702e-47ec-a38d-e952f7cd6fc4}</UniqueIdentifier>
    </Filter>
  </ItemGroup>
</Project>