<?xml version="1.0" encoding="utf-8"?>
<Project xmlns="http://schemas.microsoft.com/developer/msbuild/2003" ToolsVersion="4.0">
  <ItemGroup>
    <ClCompile Include="AssetSystem\Asset.cpp">
      <Filter>Source Files\AssetManager</Filter>
    </ClCompile>
    <ClCompile Include="AssetSystem\AssetManager.cpp">
      <Filter>Source Files\AssetManager</Filter>
    </ClCompile>
    <ClCompile Include="AssetSystem\AssetMeta.cpp">
      <Filter>Source Files\AssetManager</Filter>
    </ClCompile>
    <ClCompile Include="AssetSystem\AssetSource.cpp">
      <Filter>Source Files\AssetManager</Filter>
    </ClCompile>
    <ClCompile Include="Utility\BinaryReader.cpp">
      <Filter>Source Files\Utils</Filter>
    </ClCompile>
    <ClCompile Include="Render\Camera.cpp">
      <Filter>Source Files\Render\Camera</Filter>
    </ClCompile>
    <ClCompile Include="Engine\Engine.cpp">
      <Filter>Source Files\Engine</Filter>
    </ClCompile>
    <ClCompile Include="Object\Entity.cpp">
      <Filter>Source Files\Object</Filter>
    </ClCompile>
    <ClCompile Include="Utility\FileUtils.cpp">
      <Filter>Source Files\Utils</Filter>
    </ClCompile>
    <ClCompile Include="AssetSystem\FolderAssetSource.cpp">
      <Filter>Source Files\AssetManager</Filter>
    </ClCompile>
    <ClCompile Include="Render\FreeFlyCamera.cpp">
      <Filter>Source Files\Render\Camera</Filter>
    </ClCompile>
    <ClCompile Include="Render\GLFWWindow.cpp">
      <Filter>Source Files\Render</Filter>
    </ClCompile>
    <ClCompile Include="Utility\Helper.cpp">
      <Filter>Source Files\Utils</Filter>
    </ClCompile>
    <ClCompile Include="Utility\MathUtil.cpp">
      <Filter>Source Files\Utils</Filter>
    </ClCompile>
    <ClCompile Include="Utility\RTTI_Primitives.cpp">
      <Filter>Source Files\Utils</Filter>
    </ClCompile>
    <ClCompile Include="Render\PrimitiveDrawer.cpp">
      <Filter>Source Files\Render</Filter>
    </ClCompile>
    <ClCompile Include="Render\RenderDevice.cpp">
      <Filter>Source Files\Render</Filter>
    </ClCompile>
    <ClCompile Include="Render\RenderMesh.cpp">
      <Filter>Source Files\Render</Filter>
    </ClCompile>
    <ClCompile Include="Render\RenderShader.cpp">
      <Filter>Source Files\Render</Filter>
    </ClCompile>
    <ClCompile Include="Render\RenderSurface.cpp">
      <Filter>Source Files\Render</Filter>
    </ClCompile>
    <ClCompile Include="Render\RenderTexture.cpp">
      <Filter>Source Files\Render</Filter>
    </ClCompile>
    <ClCompile Include="Render\OpenGLDevice.cpp">
      <Filter>Source Files\Render\OpenGL</Filter>
    </ClCompile>
    <ClCompile Include="Render\OpenGLMesh.cpp">
      <Filter>Source Files\Render\OpenGL</Filter>
    </ClCompile>
    <ClCompile Include="Render\OpenGLPrimitiveDrawer.cpp">
      <Filter>Source Files\Render\OpenGL</Filter>
    </ClCompile>
    <ClCompile Include="Render\OpenGLShader.cpp">
      <Filter>Source Files\Render\OpenGL</Filter>
    </ClCompile>
    <ClCompile Include="Render\OpenGLSurface.cpp">
      <Filter>Source Files\Render\OpenGL</Filter>
    </ClCompile>
    <ClCompile Include="Render\OpenGLTexture.cpp">
      <Filter>Source Files\Render\OpenGL</Filter>
    </ClCompile>
    <ClCompile Include="Render\Window.cpp">
      <Filter>Source Files\Render</Filter>
    </ClCompile>
    <ClCompile Include="Utility\Timer.cpp">
      <Filter>Source Files\Utils</Filter>
    </ClCompile>
    <ClCompile Include="AssetSystem\TextAsset.cpp">
      <Filter>Source Files\AssetManager</Filter>
    </ClCompile>
    <ClCompile Include="AssetSystem\TextureAsset.cpp">
      <Filter>Source Files\AssetManager</Filter>
    </ClCompile>
    <ClCompile Include="AssetSystem\MeshAsset.cpp">
      <Filter>Source Files\AssetManager</Filter>
    </ClCompile>
    <ClCompile Include="Object\Level.cpp">
      <Filter>Source Files\Object</Filter>
    </ClCompile>
    <ClCompile Include="Object\World.cpp">
      <Filter>Source Files\Object</Filter>
    </ClCompile>
    <ClCompile Include="Object\SolusObject.cpp">
      <Filter>Source Files\Object</Filter>
    </ClCompile>
    <ClCompile Include="Input\InputDevice.cpp">
      <Filter>Source Files\Input</Filter>
    </ClCompile>
  <ClCompile Include="..\intermediates\generated\Entity.generated.cpp"><Filter>Generated</Filter></ClCompile>
  <ClCompile Include="..\intermediates\generated\SolusObject.generated.cpp"><Filter>Generated</Filter></ClCompile>
  <ClCompile Include="..\intermediates\generated\Camera.generated.cpp"><Filter>Generated</Filter></ClCompile>
  <ClCompile Include="..\intermediates\generated\FreeFlyCamera.generated.cpp"><Filter>Generated</Filter></ClCompile></ItemGroup>
  <ItemGroup>
    <ClInclude Include="resource.h" />
    <ClInclude Include="targetver.h" />
    <ClInclude Include="AssetSystem\Asset.h">
      <Filter>Header Files\AssetManager</Filter>
    </ClInclude>
    <ClInclude Include="AssetSystem\AssetManager.h">
      <Filter>Header Files\AssetManager</Filter>
    </ClInclude>
    <ClInclude Include="AssetSystem\AssetMeta.h">
      <Filter>Header Files\AssetManager</Filter>
    </ClInclude>
    <ClInclude Include="AssetSystem\AssetSource.h">
      <Filter>Header Files\AssetManager</Filter>
    </ClInclude>
    <ClInclude Include="Utility\BinaryReader.h">
      <Filter>Header Files\Utils</Filter>
    </ClInclude>
    <ClInclude Include="Render\Camera.h">
      <Filter>Header Files\Render\Camera</Filter>
    </ClInclude>
    <ClInclude Include="Engine\Engine.h">
      <Filter>Header Files\Engine</Filter>
    </ClInclude>
    <ClInclude Include="Object\Entity.h">
      <Filter>Header Files\Object</Filter>
    </ClInclude>
    <ClInclude Include="Utility\FileUtils.h">
      <Filter>Header Files\Utils</Filter>
    </ClInclude>
    <ClInclude Include="AssetSystem\FolderAssetSource.h">
      <Filter>Header Files\AssetManager</Filter>
    </ClInclude>
    <ClInclude Include="Render\FreeFlyCamera.h">
      <Filter>Header Files\Render\Camera</Filter>
    </ClInclude>
    <ClInclude Include="Render\GLFWWindow.h">
      <Filter>Header Files\Render</Filter>
    </ClInclude>
    <ClInclude Include="Utility\Helper.h">
      <Filter>Header Files\Utils</Filter>
    </ClInclude>
    <ClInclude Include="Utility\MathUtil.h">
      <Filter>Header Files\Utils</Filter>
    </ClInclude>
    <ClInclude Include="Utility\Matrix.h">
      <Filter>Header Files\Utils</Filter>
    </ClInclude>
    <ClInclude Include="Utility\Reflection.h">
      <Filter>Header Files\Utils</Filter>
    </ClInclude>
    <ClInclude Include="Utility\RTTI.h">
      <Filter>Header Files\Utils</Filter>
    </ClInclude>
    <ClInclude Include="Render\RenderTexture.h">
      <Filter>Header Files\Render</Filter>
    </ClInclude>
    <ClInclude Include="Render\PrimitiveDrawer.h">
      <Filter>Header Files\Render</Filter>
    </ClInclude>
    <ClInclude Include="Render\RenderDevice.h">
      <Filter>Header Files\Render</Filter>
    </ClInclude>
    <ClInclude Include="Render\RenderMesh.h">
      <Filter>Header Files\Render</Filter>
    </ClInclude>
    <ClInclude Include="Render\RenderShader.h">
      <Filter>Header Files\Render</Filter>
    </ClInclude>
    <ClInclude Include="Render\RenderSurface.h">
      <Filter>Header Files\Render</Filter>
    </ClInclude>
    <ClInclude Include="Render\OpenGLDevice.h">
      <Filter>Header Files\Render\OpenGL</Filter>
    </ClInclude>
    <ClInclude Include="Render\OpenGLMesh.h">
      <Filter>Header Files\Render\OpenGL</Filter>
    </ClInclude>
    <ClInclude Include="Render\OpenGLPrimitiveDrawer.h">
      <Filter>Header Files\Render\OpenGL</Filter>
    </ClInclude>
    <ClInclude Include="Render\OpenGLShader.h">
      <Filter>Header Files\Render\OpenGL</Filter>
    </ClInclude>
    <ClInclude Include="Render\OpenGLSurface.h">
      <Filter>Header Files\Render\OpenGL</Filter>
    </ClInclude>
    <ClInclude Include="Render\OpenGLTexture.h">
      <Filter>Header Files\Render\OpenGL</Filter>
    </ClInclude>
    <ClInclude Include="Render\Window.h">
      <Filter>Header Files\Render</Filter>
    </ClInclude>
    <ClInclude Include="Utility\Transform.h">
      <Filter>Header Files\Utils</Filter>
    </ClInclude>
    <ClInclude Include="Utility\Timer.h">
      <Filter>Header Files\Utils</Filter>
    </ClInclude>
    <ClInclude Include="AssetSystem\TextAsset.h">
      <Filter>Header Files\AssetManager</Filter>
    </ClInclude>
    <ClInclude Include="AssetSystem\TextureAsset.h">
      <Filter>Header Files\AssetManager</Filter>
    </ClInclude>
    <ClInclude Include="AssetSystem\MeshAsset.h">
      <Filter>Header Files\AssetManager</Filter>
    </ClInclude>
    <ClInclude Include="Object\Level.h">
      <Filter>Header Files\Object</Filter>
    </ClInclude>
    <ClInclude Include="Object\World.h">
      <Filter>Header Files\Object</Filter>
    </ClInclude>
    <ClInclude Include="Object\SolusObject.h">
      <Filter>Header Files\Object</Filter>
    </ClInclude>
    <ClInclude Include="Utility\Vector.h">
      <Filter>Header Files\Utils</Filter>
    </ClInclude>
    <ClInclude Include="SubSystem.h">
      <Filter>Header Files\Engine</Filter>
    </ClInclude>
    <ClInclude Include="Engine\SolusEngine.h">
      <Filter>Header Files\Engine</Filter>
    </ClInclude>
    <ClInclude Include="Input\InputListener.h">
      <Filter>Header Files\Input</Filter>
    </ClInclude>
    <ClInclude Include="Input\InputDevice.h">
      <Filter>Header Files\Input</Filter>
    </ClInclude>
	<ClInclude Include="..\intermediates\generated\Entity.generated.h"><Filter>Generated</Filter></ClInclude>
	<ClInclude Include="..\intermediates\generated\SolusObject.generated.h"><Filter>Generated</Filter></ClInclude>
	<ClInclude Include="..\intermediates\generated\Camera.generated.h"><Filter>Generated</Filter></ClInclude>
	<ClInclude Include="..\intermediates\generated\FreeFlyCamera.generated.h"><Filter>Generated</Filter></ClInclude><ClInclude Include="..\intermediates\generated\SolusEngine.generated.h"><Filter>Generated</Filter></ClInclude></ItemGroup>
  <ItemGroup>
    <Filter Include="Header Files">
      <UniqueIdentifier>{d49edccf-0fe4-411d-888a-3d2ceadd3ab8}</UniqueIdentifier>
    </Filter>
    <Filter Include="Source Files">
      <UniqueIdentifier>{b91c0e2f-048e-40b4-b5be-bbfb5e90d70f}</UniqueIdentifier>
    </Filter>
    <Filter Include="Resource Files">
      <UniqueIdentifier>{30caf233-bccc-4bd1-aa21-a3af5a62987d}</UniqueIdentifier>
    </Filter>
    <Filter Include="Header Files\Engine">
      <UniqueIdentifier>{389efdef-e270-46f7-bb81-6bc14063c40b}</UniqueIdentifier>
    </Filter>
    <Filter Include="Header Files\Render">
      <UniqueIdentifier>{7c4c8a47-9d4f-4cb3-820a-8b1d27ba813c}</UniqueIdentifier>
    </Filter>
    <Filter Include="Header Files\Render\Camera">
      <UniqueIdentifier>{d676b01e-13ca-432e-8705-6b2564c06949}</UniqueIdentifier>
    </Filter>
    <Filter Include="Header Files\Object">
      <UniqueIdentifier>{6acaf1b1-5ff5-4ea3-95d9-ec514cabed12}</UniqueIdentifier>
    </Filter>
    <Filter Include="Header Files\AssetManager">
      <UniqueIdentifier>{d3d8ec8e-53c9-442b-a322-14f42529a230}</UniqueIdentifier>
    </Filter>
    <Filter Include="Header Files\Utils">
      <UniqueIdentifier>{749745a2-b94e-47fa-b67f-680f265128e1}</UniqueIdentifier>
    </Filter>
    <Filter Include="Header Files\Render\OpenGL">
      <UniqueIdentifier>{c680a8b2-7fe4-444a-948b-60ba5fb60285}</UniqueIdentifier>
    </Filter>
    <Filter Include="Header Files\Input">
      <UniqueIdentifier>{df01a86e-af05-4fc2-bac4-5f9d574b550d}</UniqueIdentifier>
    </Filter>
    <Filter Include="Source Files\Engine">
      <UniqueIdentifier>{389efdef-e270-46f7-bb81-6bc14333c41b}</UniqueIdentifier>
    </Filter>
    <Filter Include="Source Files\Render">
      <UniqueIdentifier>{7c4c8a47-9d4f-4cb3-820a-8b1d233a812c}</UniqueIdentifier>
    </Filter>
    <Filter Include="Source Files\Render\Camera">
      <UniqueIdentifier>{d676b01e-13ca-432e-8705-6b2564336939}</UniqueIdentifier>
    </Filter>
    <Filter Include="Source Files\Object">
      <UniqueIdentifier>{6acaf1b1-5ff5-4ea3-95d9-ec51433bed42}</UniqueIdentifier>
    </Filter>
    <Filter Include="Source Files\AssetManager">
      <UniqueIdentifier>{d3d8ec8e-53c9-442b-a322-14f42533a250}</UniqueIdentifier>
    </Filter>
    <Filter Include="Source Files\Utils">
      <UniqueIdentifier>{749745a2-b94e-47fa-b67f-680f2653312861}</UniqueIdentifier>
    </Filter>
    <Filter Include="Source Files\Render\OpenGL">
      <UniqueIdentifier>{c680a8b2-7fe4-444a-948b-60ba33b60275}</UniqueIdentifier>
    </Filter>
    <Filter Include="Source Files\Input">
      <UniqueIdentifier>{df01a86e-af05-4fc2-bac4-5f9d334b558d}</UniqueIdentifier>
    </Filter>
    <Filter Include="Generated">
      <UniqueIdentifier>{dd62c2c5-deee-4c56-8b5e-fd205f5e121e}</UniqueIdentifier>
    </Filter>
  </ItemGroup>
</Project>